
Microsoft Visual Studio Solution File, Format Version 12.00
# Visual Studio Version 17
VisualStudioVersion = 17.10.35122.118
MinimumVisualStudioVersion = 10.0.40219.1
Project("{FAE04EC0-301F-11D3-BF4B-00C04F79EFBC}") = "ShijiGroup", "ShijiGroup\ShijiGroup.csproj", "{010B715E-4577-4017-8571-FB6C9CE381BE}"
EndProject
Global
	GlobalSection(SolutionConfigurationPlatforms) = preSolution
		Debug|Any CPU = Debug|Any CPU
		Release|Any CPU = Release|Any CPU
	EndGlobalSection
	GlobalSection(ProjectConfigurationPlatforms) = postSolution
		{010B715E-4577-4017-8571-FB6C9CE381BE}.Debug|Any CPU.ActiveCfg = Debug|Any CPU
		{010B715E-4577-4017-8571-FB6C9CE381BE}.Debug|Any CPU.Build.0 = Debug|Any CPU
		{010B715E-4577-4017-8571-FB6C9CE381BE}.Release|Any CPU.ActiveCfg = Release|Any CPU
		{010B715E-4577-4017-8571-FB6C9CE381BE}.Release|Any CPU.Build.0 = Release|Any CPU
	EndGlobalSection
	GlobalSection(SolutionProperties) = preSolution
		HideSolutionNode = FALSE
	EndGlobalSection
	GlobalSection(ExtensibilityGlobals) = postSolution
		SolutionGuid = {DAFDBEC2-5B3A-4462-A1FB-EBFF5A7E5C6E}
	EndGlobalSection
EndGlobal
